hash: 835b3ea38440d09cf5a11b9fd1258c67d5021b5370e58bb48e4e4c81f4320095
updated: 2017-08-01T07:19:33.052241724+02:00
imports:
- name: github.com/gorilla/websocket
  version: a69d9f6de432e2c6b296a947d8a5ee88f68522cf
- name: github.com/streadway/amqp
  version: 2cbfe40c9341ad63ba23e53013b3ddc7989d801c
testImports: []
